// !$*UTF8*$!
{
	archiveVersion = 1;
	classes = {
	};
	objectVersion = 46;
	objects = {

/* Begin PBXBuildFile section */
		18C323E61DC05B1300FFCCB4 /* main.m in Sources */ = {isa = PBXBuildFile; fileRef = 18C323E51DC05B1300FFCCB4 /* main.m */; };
		18C323E91DC05B1300FFCCB4 /* AppDelegate.m in Sources */ = {isa = PBXBuildFile; fileRef = 18C323E81DC05B1300FFCCB4 /* AppDelegate.m */; };
		18C323EC1DC05B1300FFCCB4 /* ViewController.m in Sources */ = {isa = PBXBuildFile; fileRef = 18C323EB1DC05B1300FFCCB4 /* ViewController.m */; };
		18C323EF1DC05B1300FFCCB4 /* Main.storyboard in Resources */ = {isa = PBXBuildFile; fileRef = 18C323ED1DC05B1300FFCCB4 /* Main.storyboard */; };
		18C323F11DC05B1300FFCCB4 /* Assets.xcassets in Resources */ = {isa = PBXBuildFile; fileRef = 18C323F01DC05B1300FFCCB4 /* Assets.xcassets */; };
		18C323F41DC05B1300FFCCB4 /* LaunchScreen.storyboard in Resources */ = {isa = PBXBuildFile; fileRef = 18C323F21DC05B1300FFCCB4 /* LaunchScreen.storyboard */; };
		18C323FD1DC05B6F00FFCCB4 /* UIButton+JQButton.m in Sources */ = {isa = PBXBuildFile; fileRef = 18C323FC1DC05B6F00FFCCB4 /* UIButton+JQButton.m */; };
/* End PBXBuildFile section */

/* Begin PBXFileReference section */
		18C323E11DC05B1300FFCCB4 /* demo_runtime_Category.app */ = {isa = PBXFileReference; explicitFileType = wrapper.application; includeInIndex = 0; path = demo_runtime_Category.app; sourceTree = BUILT_PRODUCTS_DIR; };
		18C323E51DC05B1300FFCCB4 /* main.m */ = {isa = PBXFileReference; lastKnownFileType = sourcecode.c.objc; path = main.m; sourceTree = "<group>"; };
		18C323E71DC05B1300FFCCB4 /* AppDelegate.h */ = {isa = PBXFileReference; lastKnownFileType = sourcecode.c.h; path = AppDelegate.h; sourceTree = "<group>"; };
		18C323E81DC05B1300FFCCB4 /* AppDelegate.m */ = {isa = PBXFileReference; lastKnownFileType = sourcecode.c.objc; path = AppDelegate.m; sourceTree = "<group>"; };
		18C323EA1DC05B1300FFCCB4 /* ViewController.h */ = {isa = PBXFileReference; lastKnownFileType = sourcecode.c.h; path = ViewController.h; sourceTree = "<group>"; };
		18C323EB1DC05B1300FFCCB4 /* ViewController.m */ = {isa = PBXFileReference; lastKnownFileType = sourcecode.c.objc; path = ViewController.m; sourceTree = "<group>"; };
		18C323EE1DC05B1300FFCCB4 /* Base */ = {isa = PBXFileReference; lastKnownFileType = file.storyboard; name = Base; path = Base.lproj/Main.storyboard; sourceTree = "<group>"; };
		18C323F01DC05B1300FFCCB4 /* Assets.xcassets */ = {isa = PBXFileReference; lastKnownFileType = folder.assetcatalog; path = Assets.xcassets; sourceTree = "<group>"; };
		18C323F31DC05B1300FFCCB4 /* Base */ = {isa = PBXFileReference; lastKnownFileType = file.storyboard; name = Base; path = Base.lproj/LaunchScreen.storyboard; sourceTree = "<group>"; };
		18C323F51DC05B1300FFCCB4 /* Info.plist */ = {isa = PBXFileReference; lastKnownFileType = text.plist.xml; path = Info.plist; sourceTree = "<group>"; };
		18C323FB1DC05B6F00FFCCB4 /* UIButton+JQButton.h */ = {isa = PBXFileReference; fileEncoding = 4; lastKnownFileType = sourcecode.c.h; path = "UIButton+JQButton.h"; sourceTree = "<group>"; };
		18C323FC1DC05B6F00FFCCB4 /* UIButton+JQButton.m */ = {isa = PBXFileReference; fileEncoding = 4; lastKnownFileType = sourcecode.c.objc; path = "UIButton+JQButton.m"; sourceTree = "<group>"; };
/* End PBXFileReference section */

/* Begin PBXFrameworksBuildPhase section */
		18C323DE1DC05B1300FFCCB4 /* Frameworks */ = {
			isa = PBXFrameworksBuildPhase;
			buildActionMask = 2147483647;
			files = (
			);
			runOnlyForDeploymentPostprocessing = 0;
		};
/* End PBXFrameworksBuildPhase section */

/* Begin PBXGroup section */
		18C323D81DC05B1300FFCCB4 = {
			isa = PBXGroup;
			children = (
				18C323E31DC05B1300FFCCB4 /* demo_runtime_Category */,
				18C323E21DC05B1300FFCCB4 /* Products */,
			);
			sourceTree = "<group>";
		};
		18C323E21DC05B1300FFCCB4 /* Products */ = {
			isa = PBXGroup;
			children = (
				18C323E11DC05B1300FFCCB4 /* demo_runtime_Category.app */,
			);
			name = Products;
			sourceTree = "<group>";
		};
		18C323E31DC05B1300FFCCB4 /* demo_runtime_Category */ = {
			isa = PBXGroup;
			children = (
				18C323E71DC05B1300FFCCB4 /* AppDelegate.h */,
				18C323E81DC05B1300FFCCB4 /* AppDelegate.m */,
				18C323EA1DC05B1300FFCCB4 /* ViewController.h */,
				18C323EB1DC05B1300FFCCB4 /* ViewController.m */,
				18C323FB1DC05B6F00FFCCB4 /* UIButton+JQButton.h */,
				18C323FC1DC05B6F00FFCCB4 /* UIButton+JQButton.m */,
				18C323ED1DC05B1300FFCCB4 /* Main.storyboard */,
				18C323F01DC05B1300FFCCB4 /* Assets.xcassets */,
				18C323F21DC05B1300FFCCB4 /* LaunchScreen.storyboard */,
				18C323F51DC05B1300FFCCB4 /* Info.plist */,
				18C323E41DC05B1300FFCCB4 /* Supporting Files */,
			);
			path = demo_runtime_Category;
			sourceTree = "<group>";
		};
		18C323E41DC05B1300FFCCB4 /* Supporting Files */ = {
			isa = PBXGroup;
			children = (
				18C323E51DC05B1300FFCCB4 /* main.m */,
			);
			name = "Supporting Files";
			sourceTree = "<group>";
		};
/* End PBXGroup section */

/* Begin PBXNativeTarget section */
		18C323E01DC05B1300FFCCB4 /* demo_runtime_Category */ = {
			isa = PBXNativeTarget;
			buildConfigurationList = 18C323F81DC05B1300FFCCB4 /* Build configuration list for PBXNativeTarget "demo_runtime_Category" */;
			buildPhases = (
				18C323DD1DC05B1300FFCCB4 /* Sources */,
				18C323DE1DC05B1300FFCCB4 /* Frameworks */,
				18C323DF1DC05B1300FFCCB4 /* Resources */,
			);
			buildRules = (
			);
			dependencies = (
			);
			name = demo_runtime_Category;
			productName = demo_runtime_Category;
			productReference = 18C323E11DC05B1300FFCCB4 /* demo_runtime_Category.app */;
			productType = "com.apple.product-type.application";
		};
/* End PBXNativeTarget section */

/* Begin PBXProject section */
		18C323D91DC05B1300FFCCB4 /* Project object */ = {
			isa = PBXProject;
			attributes = {
				LastUpgradeCheck = 0800;
				ORGANIZATIONNAME = JiangQiang;
				TargetAttributes = {
					18C323E01DC05B1300FFCCB4 = {
						CreatedOnToolsVersion = 8.0;
						DevelopmentTeam = 3Z4Q4M4QX8;
						ProvisioningStyle = Automatic;
					};
				};
			};
			buildConfigurationList = 18C323DC1DC05B1300FFCCB4 /* Build configuration list for PBXProject "demo_runtime_Category" */;
			compatibilityVersion = "Xcode 3.2";
			developmentRegion = English;
			hasScannedForEncodings = 0;
			knownRegions = (
				en,
				Base,
			);
			mainGroup = 18C323D81DC05B1300FFCCB4;
			productRefGroup = 18C323E21DC05B1300FFCCB4 /* Products */;
			projectDirPath = "";
			projectRoot = "";
			targets = (
				18C323E01DC05B1300FFCCB4 /* demo_runtime_Category */,
			);
		};
/* End PBXProject section */

/* Begin PBXResourcesBuildPhase section */
		18C323DF1DC05B1300FFCCB4 /* Resources */ = {
			isa = PBXResourcesBuildPhase;
			buildActionMask = 2147483647;
			files = (
				18C323F41DC05B1300FFCCB4 /* LaunchScreen.storyboard in Resources */,
				18C323F11DC05B1300FFCCB4 /* Assets.xcassets in Resources */,
				18C323EF1DC05B1300FFCCB4 /* Main.storyboard in Resources */,
			);
			runOnlyForDeploymentPostprocessing = 0;
		};
/* End PBXResourcesBuildPhase section */

/* Begin PBXSourcesBuildPhase section */
		18C323DD1DC05B1300FFCCB4 /* Sources */ = {
			isa = PBXSourcesBuildPhase;
			buildActionMask = 2147483647;
			files = (
				18C323EC1DC05B1300FFCCB4 /* ViewController.m in Sources */,
				18C323E91DC05B1300FFCCB4 /* AppDelegate.m in Sources */,
				18C323FD1DC05B6F00FFCCB4 /* UIButton+JQButton.m in Sources */,
				18C323E61DC05B1300FFCCB4 /* main.m in Sources */,
			);
			runOnlyForDeploymentPostprocessing = 0;
		};
/* End PBXSourcesBuildPhase section */

/* Begin PBXVariantGroup section */
		18C323ED1DC05B1300FFCCB4 /* Main.storyboard */ = {
			isa = PBXVariantGroup;
			children = (
				18C323EE1DC05B1300FFCCB4 /* Base */,
			);
			name = Main.storyboard;
			sourceTree = "<group>";
		};
		18C323F21DC05B1300FFCCB4 /* LaunchScreen.storyboard */ = {
			isa = PBXVariantGroup;
			children = (
				18C323F31DC05B1300FFCCB4 /* Base */,
			);
			name = LaunchScreen.storyboard;
			sourceTree = "<group>";
		};
/* End PBXVariantGroup section */

/* Begin XCBuildConfiguration section */
		18C323F61DC05B1300FFCCB4 /* Debug */ = {
			isa = XCBuildConfiguration;
			buildSettings = {
				ALWAYS_SEARCH_USER_PATHS = NO;
				CLANG_ANALYZER_NONNULL = YES;
				CLANG_CXX_LANGUAGE_STANDARD = "gnu++0x";
				CLANG_CXX_LIBRARY = "libc++";
				CLANG_ENABLE_MODULES = YES;
				CLANG_ENABLE_OBJC_ARC = YES;
				CLANG_WARN_BOOL_CONVERSION = YES;
				CLANG_WARN_CONSTANT_CONVERSION = YES;
				CLANG_WARN_DIRECT_OBJC_ISA_USAGE = YES_ERROR;
				CLANG_WARN_DOCUMENTATION_COMMENTS = YES;
				CLANG_WARN_EMPTY_BODY = YES;
				CLANG_WARN_ENUM_CONVERSION = YES;
				CLANG_WARN_INFINITE_RECURSION = YES;
				CLANG_WARN_INT_CONVERSION = YES;
				CLANG_WARN_OBJC_ROOT_CLASS = YES_ERROR;
				CLANG_WARN_SUSPICIOUS_MOVES = YES;
				CLANG_WARN_UNREACHABLE_CODE = YES;
				CLANG_WARN__DUPLICATE_METHOD_MATCH = YES;
				"CODE_SIGN_IDENTITY[sdk=iphoneos*]" = "iPhone Developer";
				COPY_PHASE_STRIP = NO;
				DEBUG_INFORMATION_FORMAT = dwarf;
				ENABLE_STRICT_OBJC_MSGSEND = YES;
				ENABLE_TESTABILITY = YES;
				GCC_C_LANGUAGE_STANDARD = gnu99;
				GCC_DYNAMIC_NO_PIC = NO;
				GCC_NO_COMMON_BLOCKS = YES;
				GCC_OPTIMIZATION_LEVEL = 0;
				GCC_PREPROCESSOR_DEFINITIONS = (
					"DEBUG=1",
					"$(inherited)",
				);
				GCC_WARN_64_TO_32_BIT_CONVERSION = YES;
				GCC_WARN_ABOUT_RETURN_TYPE = YES_ERROR;
				GCC_WARN_UNDECLARED_SELECTOR = YES;
				GCC_WARN_UNINITIALIZED_AUTOS = YES_AGGRESSIVE;
				GCC_WARN_UNUSED_FUNCTION = YES;
				GCC_WARN_UNUSED_VARIABLE = YES;
				IPHONEOS_DEPLOYMENT_TARGET = 10.0;
				MTL_ENABLE_DEBUG_INFO = YES;
				ONLY_ACTIVE_ARCH = YES;
				SDKROOT = iphoneos;
				TARGETED_DEVICE_FAMILY = "1,2";
			};
			name = Debug;
		};
		18C323F71DC05B1300FFCCB4 /* Release */ = {
			isa = XCBuildConfiguration;
			buildSettings = {
				ALWAYS_SEARCH_USER_PATHS = NO;
				CLANG_ANALYZER_NONNULL = YES;
				CLANG_CXX_LANGUAGE_STANDARD = "gnu++0x";
				CLANG_CXX_LIBRARY = "libc++";
				CLANG_ENABLE_MODULES = YES;
				CLANG_ENABLE_OBJC_ARC = YES;
				CLANG_WARN_BOOL_CONVERSION = YES;
				CLANG_WARN_CONSTANT_CONVERSION = YES;
				CLANG_WARN_DIRECT_OBJC_ISA_USAGE = YES_ERROR;
				CLANG_WARN_DOCUMENTATION_COMMENTS = YES;
				CLANG_WARN_EMPTY_BODY = YES;
				CLANG_WARN_ENUM_CONVERSION = YES;
				CLANG_WARN_INFINITE_RECURSION = YES;
				CLANG_WARN_INT_CONVERSION = YES;
				CLANG_WARN_OBJC_ROOT_CLASS = YES_ERROR;
				CLANG_WARN_SUSPICIOUS_MOVES = YES;
				CLANG_WARN_UNREACHABLE_CODE = YES;
				CLANG_WARN__DUPLICATE_METHOD_MATCH = YES;
				"CODE_SIGN_IDENTITY[sdk=iphoneos*]" = "iPhone Developer";
				COPY_PHASE_STRIP = NO;
				DEBUG_INFORMATION_FORMAT = "dwarf-with-dsym";
				ENABLE_NS_ASSERTIONS = NO;
				ENABLE_STRICT_OBJC_MSGSEND = YES;
				GCC_C_LANGUAGE_STANDARD = gnu99;
				GCC_NO_COMMON_BLOCKS = YES;
				GCC_WARN_64_TO_32_BIT_CONVERSION = YES;
				GCC_WARN_ABOUT_RETURN_TYPE = YES_ERROR;
				GCC_WARN_UNDECLARED_SELECTOR = YES;
				GCC_WARN_UNINITIALIZED_AUTOS = YES_AGGRESSIVE;
				GCC_WARN_UNUSED_FUNCTION = YES;
				GCC_WARN_UNUSED_VARIABLE = YES;
				IPHONEOS_DEPLOYMENT_TARGET = 10.0;
				MTL_ENABLE_DEBUG_INFO = NO;
				SDKROOT = iphoneos;
				TARGETED_DEVICE_FAMILY = "1,2";
				VALIDATE_PRODUCT = YES;
			};
			name = Release;
		};
		18C323F91DC05B1300FFCCB4 /* Debug */ = {
			isa = XCBuildConfiguration;
			buildSettings = {
				ASSETCATALOG_COMPILER_APPICON_NAME = AppIcon;
				DEVELOPMENT_TEAM = 3Z4Q4M4QX8;
				INFOPLIST_FILE = demo_runtime_Category/Info.plist;
				LD_RUNPATH_SEARCH_PATHS = "$(inherited) @executable_path/Frameworks";
				PRODUCT_BUNDLE_IDENTIFIER = "cn.stuzc.demo-runtime-Category";
				PRODUCT_NAME = "$(TARGET_NAME)";
			};
			name = Debug;
		};
		18C323FA1DC05B1300FFCCB4 /* Release */ = {
			isa = XCBuildConfiguration;
			buildSettings = {
				ASSETCATALOG_COMPILER_APPICON_NAME = AppIcon;
				DEVELOPMENT_TEAM = 3Z4Q4M4QX8;
				INFOPLIST_FILE = demo_runtime_Category/Info.plist;
				LD_RUNPATH_SEARCH_PATHS = "$(inherited) @executable_path/Frameworks";
				PRODUCT_BUNDLE_IDENTIFIER = "cn.stuzc.demo-runtime-Category";
				PRODUCT_NAME = "$(TARGET_NAME)";
			};
			name = Release;
		};
/* End XCBuildConfiguration section */

/* Begin XCConfigurationList section */
		18C323DC1DC05B1300FFCCB4 /* Build configuration list for PBXProject "demo_runtime_Category" */ = {
			isa = XCConfigurationList;
			buildConfigurations = (
				18C323F61DC05B1300FFCCB4 /* Debug */,
				18C323F71DC05B1300FFCCB4 /* Release */,
			);
			defaultConfigurationIsVisible = 0;
			defaultConfigurationName = Release;
		};
		18C323F81DC05B1300FFCCB4 /* Build configuration list for PBXNativeTarget "demo_runtime_Category" */ = {
			isa = XCConfigurationList;
			buildConfigurations = (
				18C323F91DC05B1300FFCCB4 /* Debug */,
				18C323FA1DC05B1300FFCCB4 /* Release */,
			);
			defaultConfigurationIsVisible = 0;
		};
/* End XCConfigurationList section */
	};
	rootObject = 18C323D91DC05B1300FFCCB4 /* Project object */;
}
