// !$*UTF8*$!
{
	archiveVersion = 1;
	classes = {
	};
	objectVersion = 46;
	objects = {

/* Begin PBXBuildFile section */
		7290F0411DAB893C009AE0E7 /* main.m in Sources */ = {isa = PBXBuildFile; fileRef = 7290F0401DAB893C009AE0E7 /* main.m */; };
		7290F0441DAB893C009AE0E7 /* AppDelegate.m in Sources */ = {isa = PBXBuildFile; fileRef = 7290F0431DAB893C009AE0E7 /* AppDelegate.m */; };
		7290F0471DAB893C009AE0E7 /* ViewController.m in Sources */ = {isa = PBXBuildFile; fileRef = 7290F0461DAB893C009AE0E7 /* ViewController.m */; };
		7290F04A1DAB893C009AE0E7 /* Main.storyboard in Resources */ = {isa = PBXBuildFile; fileRef = 7290F0481DAB893C009AE0E7 /* Main.storyboard */; };
		7290F04C1DAB893C009AE0E7 /* Assets.xcassets in Resources */ = {isa = PBXBuildFile; fileRef = 7290F04B1DAB893C009AE0E7 /* Assets.xcassets */; };
		7290F04F1DAB893C009AE0E7 /* LaunchScreen.storyboard in Resources */ = {isa = PBXBuildFile; fileRef = 7290F04D1DAB893C009AE0E7 /* LaunchScreen.storyboard */; };
		7290F0591DAB8AE7009AE0E7 /* 张靓颖 - 终于等到你.mp3 in Resources */ = {isa = PBXBuildFile; fileRef = 7290F0561DAB8AE7009AE0E7 /* 张靓颖 - 终于等到你.mp3 */; };
		7290F05A1DAB8AE7009AE0E7 /* 庄心妍 - 以后的以后.mp3 in Resources */ = {isa = PBXBuildFile; fileRef = 7290F0571DAB8AE7009AE0E7 /* 庄心妍 - 以后的以后.mp3 */; };
		7290F05B1DAB8AE7009AE0E7 /* GALA - 追梦赤子心.mp3 in Resources */ = {isa = PBXBuildFile; fileRef = 7290F0581DAB8AE7009AE0E7 /* GALA - 追梦赤子心.mp3 */; };
/* End PBXBuildFile section */

/* Begin PBXFileReference section */
		7290F03C1DAB893C009AE0E7 /* demo_AVPlayer.app */ = {isa = PBXFileReference; explicitFileType = wrapper.application; includeInIndex = 0; path = demo_AVPlayer.app; sourceTree = BUILT_PRODUCTS_DIR; };
		7290F0401DAB893C009AE0E7 /* main.m */ = {isa = PBXFileReference; lastKnownFileType = sourcecode.c.objc; path = main.m; sourceTree = "<group>"; };
		7290F0421DAB893C009AE0E7 /* AppDelegate.h */ = {isa = PBXFileReference; lastKnownFileType = sourcecode.c.h; path = AppDelegate.h; sourceTree = "<group>"; };
		7290F0431DAB893C009AE0E7 /* AppDelegate.m */ = {isa = PBXFileReference; lastKnownFileType = sourcecode.c.objc; path = AppDelegate.m; sourceTree = "<group>"; };
		7290F0451DAB893C009AE0E7 /* ViewController.h */ = {isa = PBXFileReference; lastKnownFileType = sourcecode.c.h; path = ViewController.h; sourceTree = "<group>"; };
		7290F0461DAB893C009AE0E7 /* ViewController.m */ = {isa = PBXFileReference; lastKnownFileType = sourcecode.c.objc; path = ViewController.m; sourceTree = "<group>"; };
		7290F0491DAB893C009AE0E7 /* Base */ = {isa = PBXFileReference; lastKnownFileType = file.storyboard; name = Base; path = Base.lproj/Main.storyboard; sourceTree = "<group>"; };
		7290F04B1DAB893C009AE0E7 /* Assets.xcassets */ = {isa = PBXFileReference; lastKnownFileType = folder.assetcatalog; path = Assets.xcassets; sourceTree = "<group>"; };
		7290F04E1DAB893C009AE0E7 /* Base */ = {isa = PBXFileReference; lastKnownFileType = file.storyboard; name = Base; path = Base.lproj/LaunchScreen.storyboard; sourceTree = "<group>"; };
		7290F0501DAB893C009AE0E7 /* Info.plist */ = {isa = PBXFileReference; lastKnownFileType = text.plist.xml; path = Info.plist; sourceTree = "<group>"; };
		7290F0561DAB8AE7009AE0E7 /* 张靓颖 - 终于等到你.mp3 */ = {isa = PBXFileReference; lastKnownFileType = audio.mp3; path = "张靓颖 - 终于等到你.mp3"; sourceTree = "<group>"; };
		7290F0571DAB8AE7009AE0E7 /* 庄心妍 - 以后的以后.mp3 */ = {isa = PBXFileReference; lastKnownFileType = audio.mp3; path = "庄心妍 - 以后的以后.mp3"; sourceTree = "<group>"; };
		7290F0581DAB8AE7009AE0E7 /* GALA - 追梦赤子心.mp3 */ = {isa = PBXFileReference; lastKnownFileType = audio.mp3; path = "GALA - 追梦赤子心.mp3"; sourceTree = "<group>"; };
/* End PBXFileReference section */

/* Begin PBXFrameworksBuildPhase section */
		7290F0391DAB893C009AE0E7 /* Frameworks */ = {
			isa = PBXFrameworksBuildPhase;
			buildActionMask = 2147483647;
			files = (
			);
			runOnlyForDeploymentPostprocessing = 0;
		};
/* End PBXFrameworksBuildPhase section */

/* Begin PBXGroup section */
		7290F0331DAB893C009AE0E7 = {
			isa = PBXGroup;
			children = (
				7290F03E1DAB893C009AE0E7 /* demo_AVPlayer */,
				7290F03D1DAB893C009AE0E7 /* Products */,
			);
			sourceTree = "<group>";
		};
		7290F03D1DAB893C009AE0E7 /* Products */ = {
			isa = PBXGroup;
			children = (
				7290F03C1DAB893C009AE0E7 /* demo_AVPlayer.app */,
			);
			name = Products;
			sourceTree = "<group>";
		};
		7290F03E1DAB893C009AE0E7 /* demo_AVPlayer */ = {
			isa = PBXGroup;
			children = (
				7290F0421DAB893C009AE0E7 /* AppDelegate.h */,
				7290F0431DAB893C009AE0E7 /* AppDelegate.m */,
				7290F0451DAB893C009AE0E7 /* ViewController.h */,
				7290F0461DAB893C009AE0E7 /* ViewController.m */,
				7290F0481DAB893C009AE0E7 /* Main.storyboard */,
				7290F04B1DAB893C009AE0E7 /* Assets.xcassets */,
				7290F04D1DAB893C009AE0E7 /* LaunchScreen.storyboard */,
				7290F0501DAB893C009AE0E7 /* Info.plist */,
				7290F0561DAB8AE7009AE0E7 /* 张靓颖 - 终于等到你.mp3 */,
				7290F0571DAB8AE7009AE0E7 /* 庄心妍 - 以后的以后.mp3 */,
				7290F0581DAB8AE7009AE0E7 /* GALA - 追梦赤子心.mp3 */,
				7290F03F1DAB893C009AE0E7 /* Supporting Files */,
			);
			path = demo_AVPlayer;
			sourceTree = "<group>";
		};
		7290F03F1DAB893C009AE0E7 /* Supporting Files */ = {
			isa = PBXGroup;
			children = (
				7290F0401DAB893C009AE0E7 /* main.m */,
			);
			name = "Supporting Files";
			sourceTree = "<group>";
		};
/* End PBXGroup section */

/* Begin PBXNativeTarget section */
		7290F03B1DAB893C009AE0E7 /* demo_AVPlayer */ = {
			isa = PBXNativeTarget;
			buildConfigurationList = 7290F0531DAB893C009AE0E7 /* Build configuration list for PBXNativeTarget "demo_AVPlayer" */;
			buildPhases = (
				7290F0381DAB893C009AE0E7 /* Sources */,
				7290F0391DAB893C009AE0E7 /* Frameworks */,
				7290F03A1DAB893C009AE0E7 /* Resources */,
			);
			buildRules = (
			);
			dependencies = (
			);
			name = demo_AVPlayer;
			productName = demo_AVPlayer;
			productReference = 7290F03C1DAB893C009AE0E7 /* demo_AVPlayer.app */;
			productType = "com.apple.product-type.application";
		};
/* End PBXNativeTarget section */

/* Begin PBXProject section */
		7290F0341DAB893C009AE0E7 /* Project object */ = {
			isa = PBXProject;
			attributes = {
				LastUpgradeCheck = 0800;
				ORGANIZATIONNAME = "蒋强";
				TargetAttributes = {
					7290F03B1DAB893C009AE0E7 = {
						CreatedOnToolsVersion = 8.0;
						DevelopmentTeam = 3Z4Q4M4QX8;
						ProvisioningStyle = Automatic;
					};
				};
			};
			buildConfigurationList = 7290F0371DAB893C009AE0E7 /* Build configuration list for PBXProject "demo_AVPlayer" */;
			compatibilityVersion = "Xcode 3.2";
			developmentRegion = English;
			hasScannedForEncodings = 0;
			knownRegions = (
				en,
				Base,
			);
			mainGroup = 7290F0331DAB893C009AE0E7;
			productRefGroup = 7290F03D1DAB893C009AE0E7 /* Products */;
			projectDirPath = "";
			projectRoot = "";
			targets = (
				7290F03B1DAB893C009AE0E7 /* demo_AVPlayer */,
			);
		};
/* End PBXProject section */

/* Begin PBXResourcesBuildPhase section */
		7290F03A1DAB893C009AE0E7 /* Resources */ = {
			isa = PBXResourcesBuildPhase;
			buildActionMask = 2147483647;
			files = (
				7290F05B1DAB8AE7009AE0E7 /* GALA - 追梦赤子心.mp3 in Resources */,
				7290F04F1DAB893C009AE0E7 /* LaunchScreen.storyboard in Resources */,
				7290F04C1DAB893C009AE0E7 /* Assets.xcassets in Resources */,
				7290F05A1DAB8AE7009AE0E7 /* 庄心妍 - 以后的以后.mp3 in Resources */,
				7290F0591DAB8AE7009AE0E7 /* 张靓颖 - 终于等到你.mp3 in Resources */,
				7290F04A1DAB893C009AE0E7 /* Main.storyboard in Resources */,
			);
			runOnlyForDeploymentPostprocessing = 0;
		};
/* End PBXResourcesBuildPhase section */

/* Begin PBXSourcesBuildPhase section */
		7290F0381DAB893C009AE0E7 /* Sources */ = {
			isa = PBXSourcesBuildPhase;
			buildActionMask = 2147483647;
			files = (
				7290F0471DAB893C009AE0E7 /* ViewController.m in Sources */,
				7290F0441DAB893C009AE0E7 /* AppDelegate.m in Sources */,
				7290F0411DAB893C009AE0E7 /* main.m in Sources */,
			);
			runOnlyForDeploymentPostprocessing = 0;
		};
/* End PBXSourcesBuildPhase section */

/* Begin PBXVariantGroup section */
		7290F0481DAB893C009AE0E7 /* Main.storyboard */ = {
			isa = PBXVariantGroup;
			children = (
				7290F0491DAB893C009AE0E7 /* Base */,
			);
			name = Main.storyboard;
			sourceTree = "<group>";
		};
		7290F04D1DAB893C009AE0E7 /* LaunchScreen.storyboard */ = {
			isa = PBXVariantGroup;
			children = (
				7290F04E1DAB893C009AE0E7 /* Base */,
			);
			name = LaunchScreen.storyboard;
			sourceTree = "<group>";
		};
/* End PBXVariantGroup section */

/* Begin XCBuildConfiguration section */
		7290F0511DAB893C009AE0E7 /* Debug */ = {
			isa = XCBuildConfiguration;
			buildSettings = {
				ALWAYS_SEARCH_USER_PATHS = NO;
				CLANG_ANALYZER_NONNULL = YES;
				CLANG_CXX_LANGUAGE_STANDARD = "gnu++0x";
				CLANG_CXX_LIBRARY = "libc++";
				CLANG_ENABLE_MODULES = YES;
				CLANG_ENABLE_OBJC_ARC = YES;
				CLANG_WARN_BOOL_CONVERSION = YES;
				CLANG_WARN_CONSTANT_CONVERSION = YES;
				CLANG_WARN_DIRECT_OBJC_ISA_USAGE = YES_ERROR;
				CLANG_WARN_DOCUMENTATION_COMMENTS = YES;
				CLANG_WARN_EMPTY_BODY = YES;
				CLANG_WARN_ENUM_CONVERSION = YES;
				CLANG_WARN_INFINITE_RECURSION = YES;
				CLANG_WARN_INT_CONVERSION = YES;
				CLANG_WARN_OBJC_ROOT_CLASS = YES_ERROR;
				CLANG_WARN_SUSPICIOUS_MOVES = YES;
				CLANG_WARN_UNREACHABLE_CODE = YES;
				CLANG_WARN__DUPLICATE_METHOD_MATCH = YES;
				"CODE_SIGN_IDENTITY[sdk=iphoneos*]" = "iPhone Developer";
				COPY_PHASE_STRIP = NO;
				DEBUG_INFORMATION_FORMAT = dwarf;
				ENABLE_STRICT_OBJC_MSGSEND = YES;
				ENABLE_TESTABILITY = YES;
				GCC_C_LANGUAGE_STANDARD = gnu99;
				GCC_DYNAMIC_NO_PIC = NO;
				GCC_NO_COMMON_BLOCKS = YES;
				GCC_OPTIMIZATION_LEVEL = 0;
				GCC_PREPROCESSOR_DEFINITIONS = (
					"DEBUG=1",
					"$(inherited)",
				);
				GCC_WARN_64_TO_32_BIT_CONVERSION = YES;
				GCC_WARN_ABOUT_RETURN_TYPE = YES_ERROR;
				GCC_WARN_UNDECLARED_SELECTOR = YES;
				GCC_WARN_UNINITIALIZED_AUTOS = YES_AGGRESSIVE;
				GCC_WARN_UNUSED_FUNCTION = YES;
				GCC_WARN_UNUSED_VARIABLE = YES;
				IPHONEOS_DEPLOYMENT_TARGET = 10.0;
				MTL_ENABLE_DEBUG_INFO = YES;
				ONLY_ACTIVE_ARCH = YES;
				SDKROOT = iphoneos;
			};
			name = Debug;
		};
		7290F0521DAB893C009AE0E7 /* Release */ = {
			isa = XCBuildConfiguration;
			buildSettings = {
				ALWAYS_SEARCH_USER_PATHS = NO;
				CLANG_ANALYZER_NONNULL = YES;
				CLANG_CXX_LANGUAGE_STANDARD = "gnu++0x";
				CLANG_CXX_LIBRARY = "libc++";
				CLANG_ENABLE_MODULES = YES;
				CLANG_ENABLE_OBJC_ARC = YES;
				CLANG_WARN_BOOL_CONVERSION = YES;
				CLANG_WARN_CONSTANT_CONVERSION = YES;
				CLANG_WARN_DIRECT_OBJC_ISA_USAGE = YES_ERROR;
				CLANG_WARN_DOCUMENTATION_COMMENTS = YES;
				CLANG_WARN_EMPTY_BODY = YES;
				CLANG_WARN_ENUM_CONVERSION = YES;
				CLANG_WARN_INFINITE_RECURSION = YES;
				CLANG_WARN_INT_CONVERSION = YES;
				CLANG_WARN_OBJC_ROOT_CLASS = YES_ERROR;
				CLANG_WARN_SUSPICIOUS_MOVES = YES;
				CLANG_WARN_UNREACHABLE_CODE = YES;
				CLANG_WARN__DUPLICATE_METHOD_MATCH = YES;
				"CODE_SIGN_IDENTITY[sdk=iphoneos*]" = "iPhone Developer";
				COPY_PHASE_STRIP = NO;
				DEBUG_INFORMATION_FORMAT = "dwarf-with-dsym";
				ENABLE_NS_ASSERTIONS = NO;
				ENABLE_STRICT_OBJC_MSGSEND = YES;
				GCC_C_LANGUAGE_STANDARD = gnu99;
				GCC_NO_COMMON_BLOCKS = YES;
				GCC_WARN_64_TO_32_BIT_CONVERSION = YES;
				GCC_WARN_ABOUT_RETURN_TYPE = YES_ERROR;
				GCC_WARN_UNDECLARED_SELECTOR = YES;
				GCC_WARN_UNINITIALIZED_AUTOS = YES_AGGRESSIVE;
				GCC_WARN_UNUSED_FUNCTION = YES;
				GCC_WARN_UNUSED_VARIABLE = YES;
				IPHONEOS_DEPLOYMENT_TARGET = 10.0;
				MTL_ENABLE_DEBUG_INFO = NO;
				SDKROOT = iphoneos;
				VALIDATE_PRODUCT = YES;
			};
			name = Release;
		};
		7290F0541DAB893C009AE0E7 /* Debug */ = {
			isa = XCBuildConfiguration;
			buildSettings = {
				ASSETCATALOG_COMPILER_APPICON_NAME = AppIcon;
				DEVELOPMENT_TEAM = 3Z4Q4M4QX8;
				INFOPLIST_FILE = demo_AVPlayer/Info.plist;
				LD_RUNPATH_SEARCH_PATHS = "$(inherited) @executable_path/Frameworks";
				PRODUCT_BUNDLE_IDENTIFIER = "cn.com.tarena.demo-AVPlayer";
				PRODUCT_NAME = "$(TARGET_NAME)";
			};
			name = Debug;
		};
		7290F0551DAB893C009AE0E7 /* Release */ = {
			isa = XCBuildConfiguration;
			buildSettings = {
				ASSETCATALOG_COMPILER_APPICON_NAME = AppIcon;
				DEVELOPMENT_TEAM = 3Z4Q4M4QX8;
				INFOPLIST_FILE = demo_AVPlayer/Info.plist;
				LD_RUNPATH_SEARCH_PATHS = "$(inherited) @executable_path/Frameworks";
				PRODUCT_BUNDLE_IDENTIFIER = "cn.com.tarena.demo-AVPlayer";
				PRODUCT_NAME = "$(TARGET_NAME)";
			};
			name = Release;
		};
/* End XCBuildConfiguration section */

/* Begin XCConfigurationList section */
		7290F0371DAB893C009AE0E7 /* Build configuration list for PBXProject "demo_AVPlayer" */ = {
			isa = XCConfigurationList;
			buildConfigurations = (
				7290F0511DAB893C009AE0E7 /* Debug */,
				7290F0521DAB893C009AE0E7 /* Release */,
			);
			defaultConfigurationIsVisible = 0;
			defaultConfigurationName = Release;
		};
		7290F0531DAB893C009AE0E7 /* Build configuration list for PBXNativeTarget "demo_AVPlayer" */ = {
			isa = XCConfigurationList;
			buildConfigurations = (
				7290F0541DAB893C009AE0E7 /* Debug */,
				7290F0551DAB893C009AE0E7 /* Release */,
			);
			defaultConfigurationIsVisible = 0;
		};
/* End XCConfigurationList section */
	};
	rootObject = 7290F0341DAB893C009AE0E7 /* Project object */;
}
